// !$*UTF8*$!
{
	archiveVersion = 1;
	classes = {
	};
	objectVersion = 46;
	objects = {

/* Begin PBXBuildFile section */
		0QIC87FX0GFZYD3YOAT8SWCU /* CASignUpDataStoreImpl.swift in Sources */ = {isa = PBXBuildFile; fileRef = URTFJG04PMOTZMIGJHHME9GA /* CASignUpDataStoreImpl.swift */; };
		381D44A91EC4221F00AFCE21 /* MVVMUser.swift in Sources */ = {isa = PBXBuildFile; fileRef = 381D44A81EC4221F00AFCE21 /* MVVMUser.swift */; };
		383B14041EC1C2C30044F940 /* AppDelegate.swift in Sources */ = {isa = PBXBuildFile; fileRef = 383B14031EC1C2C30044F940 /* AppDelegate.swift */; };
		383B14091EC1C2C30044F940 /* Main.storyboard in Resources */ = {isa = PBXBuildFile; fileRef = 383B14071EC1C2C30044F940 /* Main.storyboard */; };
		383B140B1EC1C2C30044F940 /* Assets.xcassets in Resources */ = {isa = PBXBuildFile; fileRef = 383B140A1EC1C2C30044F940 /* Assets.xcassets */; };
		383B140E1EC1C2C30044F940 /* LaunchScreen.storyboard in Resources */ = {isa = PBXBuildFile; fileRef = 383B140C1EC1C2C30044F940 /* LaunchScreen.storyboard */; };
		383B144E1EC1CFBD0044F940 /* SignUpView.swift in Sources */ = {isa = PBXBuildFile; fileRef = 383B144D1EC1CFBD0044F940 /* SignUpView.swift */; };
		383B14501EC1CFD90044F940 /* SignUpView.xib in Resources */ = {isa = PBXBuildFile; fileRef = 383B144F1EC1CFD90044F940 /* SignUpView.xib */; };
		383B14531EC1D28D0044F940 /* UIView+Extension.swift in Sources */ = {isa = PBXBuildFile; fileRef = 383B14521EC1D28D0044F940 /* UIView+Extension.swift */; };
		383B14551EC1D2E70044F940 /* MVCSignUpViewController.swift in Sources */ = {isa = PBXBuildFile; fileRef = 383B14541EC1D2E70044F940 /* MVCSignUpViewController.swift */; };
		383B14571EC1D2FF0044F940 /* MVVMSignUpViewController.swift in Sources */ = {isa = PBXBuildFile; fileRef = 383B14561EC1D2FF0044F940 /* MVVMSignUpViewController.swift */; };
		383B145C1EC1D34F0044F940 /* MVPSignUpViewController.swift in Sources */ = {isa = PBXBuildFile; fileRef = 383B145B1EC1D34F0044F940 /* MVPSignUpViewController.swift */; };
		383B14651EC1D7D10044F940 /* Result.swift in Sources */ = {isa = PBXBuildFile; fileRef = 383B14641EC1D7D10044F940 /* Result.swift */; };
		383B14671EC1D8570044F940 /* UIAlertController+Extension.swift in Sources */ = {isa = PBXBuildFile; fileRef = 383B14661EC1D8570044F940 /* UIAlertController+Extension.swift */; };
		383B14691EC1D8820044F940 /* ErrorProtocol.swift in Sources */ = {isa = PBXBuildFile; fileRef = 383B14681EC1D8820044F940 /* ErrorProtocol.swift */; };
		383B146B1EC1D9450044F940 /* MVCSignIn.swift in Sources */ = {isa = PBXBuildFile; fileRef = 383B146A1EC1D9450044F940 /* MVCSignIn.swift */; };
		383B146F1EC1DAD10044F940 /* SignInError.swift in Sources */ = {isa = PBXBuildFile; fileRef = 383B146E1EC1DAD10044F940 /* SignInError.swift */; };
		383B14711EC1DFF70044F940 /* MVVMSignInViewModel.swift in Sources */ = {isa = PBXBuildFile; fileRef = 383B14701EC1DFF70044F940 /* MVVMSignInViewModel.swift */; };
		383B14731EC1E3A50044F940 /* UIButton+Extension.swift in Sources */ = {isa = PBXBuildFile; fileRef = 383B14721EC1E3A50044F940 /* UIButton+Extension.swift */; };
		38C6DEFC1EC4354F008C49FA /* MVPSignUpViewPresenter.swift in Sources */ = {isa = PBXBuildFile; fileRef = 38C6DEFB1EC4354F008C49FA /* MVPSignUpViewPresenter.swift */; };
		38C6DEFE1EC44FE3008C49FA /* MVPUser.swift in Sources */ = {isa = PBXBuildFile; fileRef = 38C6DEFD1EC44FE3008C49FA /* MVPUser.swift */; };
		5FK52LFINC4HJCXSYH35A5M8 /* CASignUpTranslator.swift in Sources */ = {isa = PBXBuildFile; fileRef = 2BHYZPLRRTH2A1YKRXZL9XFJ /* CASignUpTranslator.swift */; };
		8EAOSBN03180CBD2UF9ES4Z1 /* CASignUpViewControllerImpl.swift in Sources */ = {isa = PBXBuildFile; fileRef = NKMW395YCB5XYM2CBE314B4E /* CASignUpViewControllerImpl.swift */; };
		A6K7HDHK1G8QIY8KG249CL25 /* CASignUpEntity.swift in Sources */ = {isa = PBXBuildFile; fileRef = 38YSF9MYZ37GU4XG5PGDD4N3 /* CASignUpEntity.swift */; };
		GDW2WTK7GNS2KGEFGJVY23PT /* CASignUpTranslatorImpl.swift in Sources */ = {isa = PBXBuildFile; fileRef = 7VBDUU7GRJQI70LS0XVX5NB7 /* CASignUpTranslatorImpl.swift */; };
		GDW57HTY465ZC1OEQFJ0OQMX /* CASignUpPresenter.swift in Sources */ = {isa = PBXBuildFile; fileRef = JDZGL4F6E2IE8B25YRGRYB5W /* CASignUpPresenter.swift */; };
		JLS2KI3EKAQNA58XZAVL3629 /* CASignUpBuilder.swift in Sources */ = {isa = PBXBuildFile; fileRef = PP61I033CKNAASNIB54BDX11 /* CASignUpBuilder.swift */; };
		LFBIIXFLEETX9QM1AZ1HMTCJ /* CASignUpBuilderImpl.swift in Sources */ = {isa = PBXBuildFile; fileRef = L3VIQ9857MHVM13FLEDI5EI2 /* CASignUpBuilderImpl.swift */; };
		LNYG1FK9OZ2IP6WJER1GWVCD /* CASignUpModelImpl.swift in Sources */ = {isa = PBXBuildFile; fileRef = S8QHV9LIAN1DVA9S2EOO09S0 /* CASignUpModelImpl.swift */; };
		MY79LBS410TX8IRXJ4U7ANBJ /* CASignUpEntityImpl.swift in Sources */ = {isa = PBXBuildFile; fileRef = E3GNUV0HD4EOJ6HZ8JONVNEF /* CASignUpEntityImpl.swift */; };
		QU1X5K5NZ1TRAC4JANGPTWOE /* CASignUpRepositoryImpl.swift in Sources */ = {isa = PBXBuildFile; fileRef = VUSSKRD6ZLBTHD674MZJOV2N /* CASignUpRepositoryImpl.swift */; };
		R5P51KCN44SXWVYCH7G8MYGL /* CASignUpRepository.swift in Sources */ = {isa = PBXBuildFile; fileRef = KKUJ1Y2LSXNRFLD8B8BMPHQT /* CASignUpRepository.swift */; };
		RV11FFEYSX3LT9L1CJYRPODM /* CASignUpModel.swift in Sources */ = {isa = PBXBuildFile; fileRef = YWA01KGNJRHYR7DRCU47Y3WP /* CASignUpModel.swift */; };
		UC1RZR0Z6WKODE4H68ZY4FA3 /* CASignUpUseCase.swift in Sources */ = {isa = PBXBuildFile; fileRef = W7QPKJPFTMATFVUD5XTW1MHV /* CASignUpUseCase.swift */; };
		UY3HNFFRLIH7MJZTTVWMJSXP /* CASignUpPresenterImpl.swift in Sources */ = {isa = PBXBuildFile; fileRef = 7E44N9TYEDFXZJC84R6NMF8F /* CASignUpPresenterImpl.swift */; };
		XAO7DQLAOW980CVXN99ZB7P5 /* CASignUpDataStore.swift in Sources */ = {isa = PBXBuildFile; fileRef = MHZG4WHCGHRW4NP0IYJU6OQH /* CASignUpDataStore.swift */; };
		YT08PRBE9RYWB0CKRRGYLYDU /* CASignUpUseCaseImpl.swift in Sources */ = {isa = PBXBuildFile; fileRef = BBR4NNM9OV4Q8E01M46QMUOF /* CASignUpUseCaseImpl.swift */; };
		Z684QCRZGU3ZVI5UJVX6MO94 /* CASignUpViewController.swift in Sources */ = {isa = PBXBuildFile; fileRef = EQRSLOUT00O9GNA7R5NAIH4L /* CASignUpViewController.swift */; };
		ZHBMMWD6WBCP11B5HWCSKSRP /* CASignUpWireframe.swift in Sources */ = {isa = PBXBuildFile; fileRef = 9Q4FQ5OLSL7GXASMARLMYNDY /* CASignUpWireframe.swift */; };
		ZVR6CPV2BILNEZV77L3YD6XJ /* CASignUpWireframeImpl.swift in Sources */ = {isa = PBXBuildFile; fileRef = GU16YVRJMVDVAXHLCSI1SLBT /* CASignUpWireframeImpl.swift */; };
/* End PBXBuildFile section */

/* Begin PBXFileReference section */
		2BHYZPLRRTH2A1YKRXZL9XFJ /* CASignUpTranslator.swift */ = {isa = PBXFileReference; fileEncoding = 4; lastKnownFileType = sourcecode.swift; path = CASignUpTranslator.swift; sourceTree = "<group>"; };
		381D44A81EC4221F00AFCE21 /* MVVMUser.swift */ = {isa = PBXFileReference; fileEncoding = 4; lastKnownFileType = sourcecode.swift; path = MVVMUser.swift; sourceTree = "<group>"; };
		383B14001EC1C2C30044F940 /* ArchitectureSample.app */ = {isa = PBXFileReference; explicitFileType = wrapper.application; includeInIndex = 0; path = ArchitectureSample.app; sourceTree = BUILT_PRODUCTS_DIR; };
		383B14031EC1C2C30044F940 /* AppDelegate.swift */ = {isa = PBXFileReference; lastKnownFileType = sourcecode.swift; path = AppDelegate.swift; sourceTree = "<group>"; };
		383B14081EC1C2C30044F940 /* Base */ = {isa = PBXFileReference; lastKnownFileType = file.storyboard; name = Base; path = Base.lproj/Main.storyboard; sourceTree = "<group>"; };
		383B140A1EC1C2C30044F940 /* Assets.xcassets */ = {isa = PBXFileReference; lastKnownFileType = folder.assetcatalog; path = Assets.xcassets; sourceTree = "<group>"; };
		383B140D1EC1C2C30044F940 /* Base */ = {isa = PBXFileReference; lastKnownFileType = file.storyboard; name = Base; path = Base.lproj/LaunchScreen.storyboard; sourceTree = "<group>"; };
		383B140F1EC1C2C30044F940 /* Info.plist */ = {isa = PBXFileReference; lastKnownFileType = text.plist.xml; path = Info.plist; sourceTree = "<group>"; };
		383B144D1EC1CFBD0044F940 /* SignUpView.swift */ = {isa = PBXFileReference; fileEncoding = 4; lastKnownFileType = sourcecode.swift; path = SignUpView.swift; sourceTree = "<group>"; };
		383B144F1EC1CFD90044F940 /* SignUpView.xib */ = {isa = PBXFileReference; fileEncoding = 4; lastKnownFileType = file.xib; path = SignUpView.xib; sourceTree = "<group>"; };
		383B14521EC1D28D0044F940 /* UIView+Extension.swift */ = {isa = PBXFileReference; fileEncoding = 4; lastKnownFileType = sourcecode.swift; path = "UIView+Extension.swift"; sourceTree = "<group>"; };
		383B14541EC1D2E70044F940 /* MVCSignUpViewController.swift */ = {isa = PBXFileReference; fileEncoding = 4; lastKnownFileType = sourcecode.swift; path = MVCSignUpViewController.swift; sourceTree = "<group>"; };
		383B14561EC1D2FF0044F940 /* MVVMSignUpViewController.swift */ = {isa = PBXFileReference; fileEncoding = 4; lastKnownFileType = sourcecode.swift; path = MVVMSignUpViewController.swift; sourceTree = "<group>"; };
		383B145B1EC1D34F0044F940 /* MVPSignUpViewController.swift */ = {isa = PBXFileReference; fileEncoding = 4; lastKnownFileType = sourcecode.swift; path = MVPSignUpViewController.swift; sourceTree = "<group>"; };
		383B14641EC1D7D10044F940 /* Result.swift */ = {isa = PBXFileReference; fileEncoding = 4; lastKnownFileType = sourcecode.swift; path = Result.swift; sourceTree = "<group>"; };
		383B14661EC1D8570044F940 /* UIAlertController+Extension.swift */ = {isa = PBXFileReference; fileEncoding = 4; lastKnownFileType = sourcecode.swift; path = "UIAlertController+Extension.swift"; sourceTree = "<group>"; };
		383B14681EC1D8820044F940 /* ErrorProtocol.swift */ = {isa = PBXFileReference; fileEncoding = 4; lastKnownFileType = sourcecode.swift; path = ErrorProtocol.swift; sourceTree = "<group>"; };
		383B146A1EC1D9450044F940 /* MVCSignIn.swift */ = {isa = PBXFileReference; fileEncoding = 4; lastKnownFileType = sourcecode.swift; path = MVCSignIn.swift; sourceTree = "<group>"; };
		383B146E1EC1DAD10044F940 /* SignInError.swift */ = {isa = PBXFileReference; fileEncoding = 4; lastKnownFileType = sourcecode.swift; path = SignInError.swift; sourceTree = "<group>"; };
		383B14701EC1DFF70044F940 /* MVVMSignInViewModel.swift */ = {isa = PBXFileReference; fileEncoding = 4; lastKnownFileType = sourcecode.swift; path = MVVMSignInViewModel.swift; sourceTree = "<group>"; };
		383B14721EC1E3A50044F940 /* UIButton+Extension.swift */ = {isa = PBXFileReference; fileEncoding = 4; lastKnownFileType = sourcecode.swift; path = "UIButton+Extension.swift"; sourceTree = "<group>"; };
		38C6DEFB1EC4354F008C49FA /* MVPSignUpViewPresenter.swift */ = {isa = PBXFileReference; fileEncoding = 4; lastKnownFileType = sourcecode.swift; path = MVPSignUpViewPresenter.swift; sourceTree = "<group>"; };
		38C6DEFD1EC44FE3008C49FA /* MVPUser.swift */ = {isa = PBXFileReference; fileEncoding = 4; lastKnownFileType = sourcecode.swift; path = MVPUser.swift; sourceTree = "<group>"; };
		38YSF9MYZ37GU4XG5PGDD4N3 /* CASignUpEntity.swift */ = {isa = PBXFileReference; fileEncoding = 4; lastKnownFileType = sourcecode.swift; path = CASignUpEntity.swift; sourceTree = "<group>"; };
		7E44N9TYEDFXZJC84R6NMF8F /* CASignUpPresenterImpl.swift */ = {isa = PBXFileReference; fileEncoding = 4; lastKnownFileType = sourcecode.swift; path = CASignUpPresenterImpl.swift; sourceTree = "<group>"; };
		7VBDUU7GRJQI70LS0XVX5NB7 /* CASignUpTranslatorImpl.swift */ = {isa = PBXFileReference; fileEncoding = 4; lastKnownFileType = sourcecode.swift; path = CASignUpTranslatorImpl.swift; sourceTree = "<group>"; };
		9Q4FQ5OLSL7GXASMARLMYNDY /* CASignUpWireframe.swift */ = {isa = PBXFileReference; fileEncoding = 4; lastKnownFileType = sourcecode.swift; path = CASignUpWireframe.swift; sourceTree = "<group>"; };
		BBR4NNM9OV4Q8E01M46QMUOF /* CASignUpUseCaseImpl.swift */ = {isa = PBXFileReference; fileEncoding = 4; lastKnownFileType = sourcecode.swift; path = CASignUpUseCaseImpl.swift; sourceTree = "<group>"; };
		E3GNUV0HD4EOJ6HZ8JONVNEF /* CASignUpEntityImpl.swift */ = {isa = PBXFileReference; fileEncoding = 4; lastKnownFileType = sourcecode.swift; path = CASignUpEntityImpl.swift; sourceTree = "<group>"; };
		EQRSLOUT00O9GNA7R5NAIH4L /* CASignUpViewController.swift */ = {isa = PBXFileReference; fileEncoding = 4; lastKnownFileType = sourcecode.swift; path = CASignUpViewController.swift; sourceTree = "<group>"; };
		GU16YVRJMVDVAXHLCSI1SLBT /* CASignUpWireframeImpl.swift */ = {isa = PBXFileReference; fileEncoding = 4; lastKnownFileType = sourcecode.swift; path = CASignUpWireframeImpl.swift; sourceTree = "<group>"; };
		JDZGL4F6E2IE8B25YRGRYB5W /* CASignUpPresenter.swift */ = {isa = PBXFileReference; fileEncoding = 4; lastKnownFileType = sourcecode.swift; path = CASignUpPresenter.swift; sourceTree = "<group>"; };
		KKUJ1Y2LSXNRFLD8B8BMPHQT /* CASignUpRepository.swift */ = {isa = PBXFileReference; fileEncoding = 4; lastKnownFileType = sourcecode.swift; path = CASignUpRepository.swift; sourceTree = "<group>"; };
		L3VIQ9857MHVM13FLEDI5EI2 /* CASignUpBuilderImpl.swift */ = {isa = PBXFileReference; fileEncoding = 4; lastKnownFileType = sourcecode.swift; path = CASignUpBuilderImpl.swift; sourceTree = "<group>"; };
		MHZG4WHCGHRW4NP0IYJU6OQH /* CASignUpDataStore.swift */ = {isa = PBXFileReference; fileEncoding = 4; lastKnownFileType = sourcecode.swift; path = CASignUpDataStore.swift; sourceTree = "<group>"; };
		NKMW395YCB5XYM2CBE314B4E /* CASignUpViewControllerImpl.swift */ = {isa = PBXFileReference; fileEncoding = 4; lastKnownFileType = sourcecode.swift; path = CASignUpViewControllerImpl.swift; sourceTree = "<group>"; };
		PP61I033CKNAASNIB54BDX11 /* CASignUpBuilder.swift */ = {isa = PBXFileReference; fileEncoding = 4; lastKnownFileType = sourcecode.swift; path = CASignUpBuilder.swift; sourceTree = "<group>"; };
		S8QHV9LIAN1DVA9S2EOO09S0 /* CASignUpModelImpl.swift */ = {isa = PBXFileReference; fileEncoding = 4; lastKnownFileType = sourcecode.swift; path = CASignUpModelImpl.swift; sourceTree = "<group>"; };
		URTFJG04PMOTZMIGJHHME9GA /* CASignUpDataStoreImpl.swift */ = {isa = PBXFileReference; fileEncoding = 4; lastKnownFileType = sourcecode.swift; path = CASignUpDataStoreImpl.swift; sourceTree = "<group>"; };
		VUSSKRD6ZLBTHD674MZJOV2N /* CASignUpRepositoryImpl.swift */ = {isa = PBXFileReference; fileEncoding = 4; lastKnownFileType = sourcecode.swift; path = CASignUpRepositoryImpl.swift; sourceTree = "<group>"; };
		W7QPKJPFTMATFVUD5XTW1MHV /* CASignUpUseCase.swift */ = {isa = PBXFileReference; fileEncoding = 4; lastKnownFileType = sourcecode.swift; path = CASignUpUseCase.swift; sourceTree = "<group>"; };
		YWA01KGNJRHYR7DRCU47Y3WP /* CASignUpModel.swift */ = {isa = PBXFileReference; fileEncoding = 4; lastKnownFileType = sourcecode.swift; path = CASignUpModel.swift; sourceTree = "<group>"; };
/* End PBXFileReference section */

/* Begin PBXFrameworksBuildPhase section */
		383B13FD1EC1C2C30044F940 /* Frameworks */ = {
			isa = PBXFrameworksBuildPhase;
			buildActionMask = 2147483647;
			files = (
			);
			runOnlyForDeploymentPostprocessing = 0;
		};
/* End PBXFrameworksBuildPhase section */

/* Begin PBXGroup section */
		2MRZ07OWFEV20GK3K26D6FOM /* Repository */ = {
			isa = PBXGroup;
			children = (
				KKUJ1Y2LSXNRFLD8B8BMPHQT /* CASignUpRepository.swift */,
				VUSSKRD6ZLBTHD674MZJOV2N /* CASignUpRepositoryImpl.swift */,
			);
			path = Repository;
			sourceTree = "<group>";
		};
		36QR0T9M5K0N6U2BU8YIIINT /* Model */ = {
			isa = PBXGroup;
			children = (
				YWA01KGNJRHYR7DRCU47Y3WP /* CASignUpModel.swift */,
				S8QHV9LIAN1DVA9S2EOO09S0 /* CASignUpModelImpl.swift */,
			);
			path = Model;
			sourceTree = "<group>";
		};
		383B13F71EC1C2C20044F940 = {
			isa = PBXGroup;
			children = (
				383B14021EC1C2C30044F940 /* ArchitectureSample */,
				383B14011EC1C2C30044F940 /* Products */,
			);
			sourceTree = "<group>";
		};
		383B14011EC1C2C30044F940 /* Products */ = {
			isa = PBXGroup;
			children = (
				383B14001EC1C2C30044F940 /* ArchitectureSample.app */,
			);
			name = Products;
			sourceTree = "<group>";
		};
		383B14021EC1C2C30044F940 /* ArchitectureSample */ = {
			isa = PBXGroup;
			children = (
				383B14311EC1C2E20044F940 /* Resources */,
				383B14321EC1C2E30044F940 /* Sources */,
			);
			path = ArchitectureSample;
			sourceTree = "<group>";
		};
		383B14311EC1C2E20044F940 /* Resources */ = {
			isa = PBXGroup;
			children = (
				383B14421EC1C9BF0044F940 /* Images */,
				383B140F1EC1C2C30044F940 /* Info.plist */,
				383B140C1EC1C2C30044F940 /* LaunchScreen.storyboard */,
				383B14071EC1C2C30044F940 /* Main.storyboard */,
			);
			path = Resources;
			sourceTree = "<group>";
		};
		383B14321EC1C2E30044F940 /* Sources */ = {
			isa = PBXGroup;
			children = (
				383B14391EC1C3780044F940 /* Common */,
				383B14371EC1C2E80044F940 /* MVC */,
				383B14361EC1C2E70044F940 /* MVP */,
				383B14381EC1C3150044F940 /* MVVM */,
				383B14341EC1C2E50044F940 /* Clean Architecture */,
			);
			path = Sources;
			sourceTree = "<group>";
		};
		383B14341EC1C2E50044F940 /* Clean Architecture */ = {
			isa = PBXGroup;
			children = (
				EBFRMJ55UMAPNACFS23IHW6J /* Builder */,
				NR4TIZBFH8AUWXQ4DIH4SBZ6 /* DataStore */,
				S297Q4UXG1CXC0LZMFLMLFYQ /* Entity */,
				36QR0T9M5K0N6U2BU8YIIINT /* Model */,
				CXJOUDQCM8HYL1KIEIX5TY4L /* Presenter */,
				2MRZ07OWFEV20GK3K26D6FOM /* Repository */,
				NXLXYRGULX0453SSK31077O2 /* Translator */,
				OXAKLKKN4TMXCX1YEXCRSVY7 /* UseCase */,
				P8P5PE61A50WPYDW3B39YBLO /* View */,
				XY5FQQ4EVRGTP2C2IJWBCDQM /* Wireframe */,
			);
			path = "Clean Architecture";
			sourceTree = "<group>";
		};
		383B14361EC1C2E70044F940 /* MVP */ = {
			isa = PBXGroup;
			children = (
				383B14581EC1D3060044F940 /* Model */,
				383B14591EC1D30A0044F940 /* Presenter */,
				383B145A1EC1D30B0044F940 /* View */,
			);
			path = MVP;
			sourceTree = "<group>";
		};
		383B14371EC1C2E80044F940 /* MVC */ = {
			isa = PBXGroup;
			children = (
				383B143A1EC1C3810044F940 /* Controller */,
				383B143C1EC1C3830044F940 /* Model */,
				383B143B1EC1C3820044F940 /* View */,
			);
			path = MVC;
			sourceTree = "<group>";
		};
		383B14381EC1C3150044F940 /* MVVM */ = {
			isa = PBXGroup;
			children = (
				383B14401EC1C3A40044F940 /* Model */,
				383B143E1EC1C3A20044F940 /* View */,
				383B143F1EC1C3A30044F940 /* ViewModel */,
			);
			path = MVVM;
			sourceTree = "<group>";
		};
		383B14391EC1C3780044F940 /* Common */ = {
			isa = PBXGroup;
			children = (
				383B14611EC1D5880044F940 /* AppDelegate */,
				383B14511EC1D27C0044F940 /* Extension */,
				383B14631EC1D7B40044F940 /* Utils */,
				383B14621EC1D58D0044F940 /* View */,
			);
			path = Common;
			sourceTree = "<group>";
		};
		383B143A1EC1C3810044F940 /* Controller */ = {
			isa = PBXGroup;
			children = (
				383B14541EC1D2E70044F940 /* MVCSignUpViewController.swift */,
			);
			path = Controller;
			sourceTree = "<group>";
		};
		383B143B1EC1C3820044F940 /* View */ = {
			isa = PBXGroup;
			children = (
			);
			path = View;
			sourceTree = "<group>";
		};
		383B143C1EC1C3830044F940 /* Model */ = {
			isa = PBXGroup;
			children = (
				383B146A1EC1D9450044F940 /* MVCSignIn.swift */,
			);
			path = Model;
			sourceTree = "<group>";
		};
		383B143E1EC1C3A20044F940 /* View */ = {
			isa = PBXGroup;
			children = (
				383B14561EC1D2FF0044F940 /* MVVMSignUpViewController.swift */,
			);
			path = View;
			sourceTree = "<group>";
		};
		383B143F1EC1C3A30044F940 /* ViewModel */ = {
			isa = PBXGroup;
			children = (
				383B14701EC1DFF70044F940 /* MVVMSignInViewModel.swift */,
			);
			path = ViewModel;
			sourceTree = "<group>";
		};
		383B14401EC1C3A40044F940 /* Model */ = {
			isa = PBXGroup;
			children = (
				381D44A81EC4221F00AFCE21 /* MVVMUser.swift */,
			);
			path = Model;
			sourceTree = "<group>";
		};
		383B14421EC1C9BF0044F940 /* Images */ = {
			isa = PBXGroup;
			children = (
				383B140A1EC1C2C30044F940 /* Assets.xcassets */,
			);
			path = Images;
			sourceTree = "<group>";
		};
		383B14511EC1D27C0044F940 /* Extension */ = {
			isa = PBXGroup;
			children = (
				383B14681EC1D8820044F940 /* ErrorProtocol.swift */,
				383B14661EC1D8570044F940 /* UIAlertController+Extension.swift */,
				383B14721EC1E3A50044F940 /* UIButton+Extension.swift */,
				383B14521EC1D28D0044F940 /* UIView+Extension.swift */,
			);
			path = Extension;
			sourceTree = "<group>";
		};
		383B14581EC1D3060044F940 /* Model */ = {
			isa = PBXGroup;
			children = (
				38C6DEFD1EC44FE3008C49FA /* MVPUser.swift */,
			);
			path = Model;
			sourceTree = "<group>";
		};
		383B14591EC1D30A0044F940 /* Presenter */ = {
			isa = PBXGroup;
			children = (
				38C6DEFB1EC4354F008C49FA /* MVPSignUpViewPresenter.swift */,
			);
			path = Presenter;
			sourceTree = "<group>";
		};
		383B145A1EC1D30B0044F940 /* View */ = {
			isa = PBXGroup;
			children = (
				383B145B1EC1D34F0044F940 /* MVPSignUpViewController.swift */,
			);
			path = View;
			sourceTree = "<group>";
		};
		383B14611EC1D5880044F940 /* AppDelegate */ = {
			isa = PBXGroup;
			children = (
				383B14031EC1C2C30044F940 /* AppDelegate.swift */,
			);
			path = AppDelegate;
			sourceTree = "<group>";
		};
		383B14621EC1D58D0044F940 /* View */ = {
			isa = PBXGroup;
			children = (
				383B144D1EC1CFBD0044F940 /* SignUpView.swift */,
				383B144F1EC1CFD90044F940 /* SignUpView.xib */,
			);
			path = View;
			sourceTree = "<group>";
		};
		383B14631EC1D7B40044F940 /* Utils */ = {
			isa = PBXGroup;
			children = (
				383B14641EC1D7D10044F940 /* Result.swift */,
				383B146E1EC1DAD10044F940 /* SignInError.swift */,
			);
			path = Utils;
			sourceTree = "<group>";
		};
		CXJOUDQCM8HYL1KIEIX5TY4L /* Presenter */ = {
			isa = PBXGroup;
			children = (
				JDZGL4F6E2IE8B25YRGRYB5W /* CASignUpPresenter.swift */,
				7E44N9TYEDFXZJC84R6NMF8F /* CASignUpPresenterImpl.swift */,
			);
			path = Presenter;
			sourceTree = "<group>";
		};
		EBFRMJ55UMAPNACFS23IHW6J /* Builder */ = {
			isa = PBXGroup;
			children = (
				PP61I033CKNAASNIB54BDX11 /* CASignUpBuilder.swift */,
				L3VIQ9857MHVM13FLEDI5EI2 /* CASignUpBuilderImpl.swift */,
			);
			path = Builder;
			sourceTree = "<group>";
		};
		NR4TIZBFH8AUWXQ4DIH4SBZ6 /* DataStore */ = {
			isa = PBXGroup;
			children = (
				MHZG4WHCGHRW4NP0IYJU6OQH /* CASignUpDataStore.swift */,
				URTFJG04PMOTZMIGJHHME9GA /* CASignUpDataStoreImpl.swift */,
			);
			path = DataStore;
			sourceTree = "<group>";
		};
		NXLXYRGULX0453SSK31077O2 /* Translator */ = {
			isa = PBXGroup;
			children = (
				2BHYZPLRRTH2A1YKRXZL9XFJ /* CASignUpTranslator.swift */,
				7VBDUU7GRJQI70LS0XVX5NB7 /* CASignUpTranslatorImpl.swift */,
			);
			path = Translator;
			sourceTree = "<group>";
		};
		OXAKLKKN4TMXCX1YEXCRSVY7 /* UseCase */ = {
			isa = PBXGroup;
			children = (
				W7QPKJPFTMATFVUD5XTW1MHV /* CASignUpUseCase.swift */,
				BBR4NNM9OV4Q8E01M46QMUOF /* CASignUpUseCaseImpl.swift */,
			);
			path = UseCase;
			sourceTree = "<group>";
		};
		P8P5PE61A50WPYDW3B39YBLO /* View */ = {
			isa = PBXGroup;
			children = (
				EQRSLOUT00O9GNA7R5NAIH4L /* CASignUpViewController.swift */,
				NKMW395YCB5XYM2CBE314B4E /* CASignUpViewControllerImpl.swift */,
			);
			path = View;
			sourceTree = "<group>";
		};
		S297Q4UXG1CXC0LZMFLMLFYQ /* Entity */ = {
			isa = PBXGroup;
			children = (
				38YSF9MYZ37GU4XG5PGDD4N3 /* CASignUpEntity.swift */,
				E3GNUV0HD4EOJ6HZ8JONVNEF /* CASignUpEntityImpl.swift */,
			);
			path = Entity;
			sourceTree = "<group>";
		};
		XY5FQQ4EVRGTP2C2IJWBCDQM /* Wireframe */ = {
			isa = PBXGroup;
			children = (
				9Q4FQ5OLSL7GXASMARLMYNDY /* CASignUpWireframe.swift */,
				GU16YVRJMVDVAXHLCSI1SLBT /* CASignUpWireframeImpl.swift */,
			);
			path = Wireframe;
			sourceTree = "<group>";
		};
/* End PBXGroup section */

/* Begin PBXNativeTarget section */
		383B13FF1EC1C2C30044F940 /* ArchitectureSample */ = {
			isa = PBXNativeTarget;
			buildConfigurationList = 383B14281EC1C2C30044F940 /* Build configuration list for PBXNativeTarget "ArchitectureSample" */;
			buildPhases = (
				383B13FC1EC1C2C30044F940 /* Sources */,
				383B13FD1EC1C2C30044F940 /* Frameworks */,
				383B13FE1EC1C2C30044F940 /* Resources */,
			);
			buildRules = (
			);
			dependencies = (
			);
			name = ArchitectureSample;
			productName = ArchitectureSample;
			productReference = 383B14001EC1C2C30044F940 /* ArchitectureSample.app */;
			productType = "com.apple.product-type.application";
		};
/* End PBXNativeTarget section */

/* Begin PBXProject section */
		383B13F81EC1C2C20044F940 /* Project object */ = {
			isa = PBXProject;
			attributes = {
				LastSwiftUpdateCheck = 0830;
				LastUpgradeCheck = 0830;
				ORGANIZATIONNAME = "k-satoshi";
				TargetAttributes = {
					383B13FF1EC1C2C30044F940 = {
						CreatedOnToolsVersion = 8.3;
						DevelopmentTeam = GPW4376XQR;
						ProvisioningStyle = Automatic;
					};
				};
			};
			buildConfigurationList = 383B13FB1EC1C2C20044F940 /* Build configuration list for PBXProject "ArchitectureSample" */;
			compatibilityVersion = "Xcode 3.2";
			developmentRegion = English;
			hasScannedForEncodings = 0;
			knownRegions = (
				en,
				Base,
			);
			mainGroup = 383B13F71EC1C2C20044F940;
			productRefGroup = 383B14011EC1C2C30044F940 /* Products */;
			projectDirPath = "";
			projectRoot = "";
			targets = (
				383B13FF1EC1C2C30044F940 /* ArchitectureSample */,
			);
		};
/* End PBXProject section */

/* Begin PBXResourcesBuildPhase section */
		383B13FE1EC1C2C30044F940 /* Resources */ = {
			isa = PBXResourcesBuildPhase;
			buildActionMask = 2147483647;
			files = (
				383B14501EC1CFD90044F940 /* SignUpView.xib in Resources */,
				383B140E1EC1C2C30044F940 /* LaunchScreen.storyboard in Resources */,
				383B140B1EC1C2C30044F940 /* Assets.xcassets in Resources */,
				383B14091EC1C2C30044F940 /* Main.storyboard in Resources */,
			);
			runOnlyForDeploymentPostprocessing = 0;
		};
/* End PBXResourcesBuildPhase section */

/* Begin PBXSourcesBuildPhase section */
		383B13FC1EC1C2C30044F940 /* Sources */ = {
			isa = PBXSourcesBuildPhase;
			buildActionMask = 2147483647;
			files = (
				383B14691EC1D8820044F940 /* ErrorProtocol.swift in Sources */,
				383B14711EC1DFF70044F940 /* MVVMSignInViewModel.swift in Sources */,
				381D44A91EC4221F00AFCE21 /* MVVMUser.swift in Sources */,
				38C6DEFC1EC4354F008C49FA /* MVPSignUpViewPresenter.swift in Sources */,
				383B14671EC1D8570044F940 /* UIAlertController+Extension.swift in Sources */,
				383B144E1EC1CFBD0044F940 /* SignUpView.swift in Sources */,
				383B14731EC1E3A50044F940 /* UIButton+Extension.swift in Sources */,
				383B14571EC1D2FF0044F940 /* MVVMSignUpViewController.swift in Sources */,
				383B14531EC1D28D0044F940 /* UIView+Extension.swift in Sources */,
				383B14651EC1D7D10044F940 /* Result.swift in Sources */,
				38C6DEFE1EC44FE3008C49FA /* MVPUser.swift in Sources */,
				383B146F1EC1DAD10044F940 /* SignInError.swift in Sources */,
				383B146B1EC1D9450044F940 /* MVCSignIn.swift in Sources */,
				383B14551EC1D2E70044F940 /* MVCSignUpViewController.swift in Sources */,
				383B14041EC1C2C30044F940 /* AppDelegate.swift in Sources */,
				383B145C1EC1D34F0044F940 /* MVPSignUpViewController.swift in Sources */,
				A6K7HDHK1G8QIY8KG249CL25 /* CASignUpEntity.swift in Sources */,
				MY79LBS410TX8IRXJ4U7ANBJ /* CASignUpEntityImpl.swift in Sources */,
				XAO7DQLAOW980CVXN99ZB7P5 /* CASignUpDataStore.swift in Sources */,
				0QIC87FX0GFZYD3YOAT8SWCU /* CASignUpDataStoreImpl.swift in Sources */,
				R5P51KCN44SXWVYCH7G8MYGL /* CASignUpRepository.swift in Sources */,
				QU1X5K5NZ1TRAC4JANGPTWOE /* CASignUpRepositoryImpl.swift in Sources */,
				UC1RZR0Z6WKODE4H68ZY4FA3 /* CASignUpUseCase.swift in Sources */,
				YT08PRBE9RYWB0CKRRGYLYDU /* CASignUpUseCaseImpl.swift in Sources */,
				5FK52LFINC4HJCXSYH35A5M8 /* CASignUpTranslator.swift in Sources */,
				GDW2WTK7GNS2KGEFGJVY23PT /* CASignUpTranslatorImpl.swift in Sources */,
				RV11FFEYSX3LT9L1CJYRPODM /* CASignUpModel.swift in Sources */,
				LNYG1FK9OZ2IP6WJER1GWVCD /* CASignUpModelImpl.swift in Sources */,
				GDW57HTY465ZC1OEQFJ0OQMX /* CASignUpPresenter.swift in Sources */,
				UY3HNFFRLIH7MJZTTVWMJSXP /* CASignUpPresenterImpl.swift in Sources */,
				Z684QCRZGU3ZVI5UJVX6MO94 /* CASignUpViewController.swift in Sources */,
				8EAOSBN03180CBD2UF9ES4Z1 /* CASignUpViewControllerImpl.swift in Sources */,
				ZHBMMWD6WBCP11B5HWCSKSRP /* CASignUpWireframe.swift in Sources */,
				ZVR6CPV2BILNEZV77L3YD6XJ /* CASignUpWireframeImpl.swift in Sources */,
				JLS2KI3EKAQNA58XZAVL3629 /* CASignUpBuilder.swift in Sources */,
				LFBIIXFLEETX9QM1AZ1HMTCJ /* CASignUpBuilderImpl.swift in Sources */,
			);
			runOnlyForDeploymentPostprocessing = 0;
		};
/* End PBXSourcesBuildPhase section */

/* Begin PBXVariantGroup section */
		383B14071EC1C2C30044F940 /* Main.storyboard */ = {
			isa = PBXVariantGroup;
			children = (
				383B14081EC1C2C30044F940 /* Base */,
			);
			name = Main.storyboard;
			path = .;
			sourceTree = "<group>";
		};
		383B140C1EC1C2C30044F940 /* LaunchScreen.storyboard */ = {
			isa = PBXVariantGroup;
			children = (
				383B140D1EC1C2C30044F940 /* Base */,
			);
			name = LaunchScreen.storyboard;
			path = .;
			sourceTree = "<group>";
		};
/* End PBXVariantGroup section */

/* Begin XCBuildConfiguration section */
		383B14261EC1C2C30044F940 /* Debug */ = {
			isa = XCBuildConfiguration;
			buildSettings = {
				ALWAYS_SEARCH_USER_PATHS = NO;
				CLANG_ANALYZER_NONNULL = YES;
				CLANG_ANALYZER_NUMBER_OBJECT_CONVERSION = YES_AGGRESSIVE;
				CLANG_CXX_LANGUAGE_STANDARD = "gnu++0x";
				CLANG_CXX_LIBRARY = "libc++";
				CLANG_ENABLE_MODULES = YES;
				CLANG_ENABLE_OBJC_ARC = YES;
				CLANG_WARN_BOOL_CONVERSION = YES;
				CLANG_WARN_CONSTANT_CONVERSION = YES;
				CLANG_WARN_DIRECT_OBJC_ISA_USAGE = YES_ERROR;
				CLANG_WARN_DOCUMENTATION_COMMENTS = YES;
				CLANG_WARN_EMPTY_BODY = YES;
				CLANG_WARN_ENUM_CONVERSION = YES;
				CLANG_WARN_INFINITE_RECURSION = YES;
				CLANG_WARN_INT_CONVERSION = YES;
				CLANG_WARN_OBJC_ROOT_CLASS = YES_ERROR;
				CLANG_WARN_SUSPICIOUS_MOVE = YES;
				CLANG_WARN_UNREACHABLE_CODE = YES;
				CLANG_WARN__DUPLICATE_METHOD_MATCH = YES;
				"CODE_SIGN_IDENTITY[sdk=iphoneos*]" = "iPhone Developer";
				COPY_PHASE_STRIP = NO;
				DEBUG_INFORMATION_FORMAT = dwarf;
				ENABLE_STRICT_OBJC_MSGSEND = YES;
				ENABLE_TESTABILITY = YES;
				GCC_C_LANGUAGE_STANDARD = gnu99;
				GCC_DYNAMIC_NO_PIC = NO;
				GCC_NO_COMMON_BLOCKS = YES;
				GCC_OPTIMIZATION_LEVEL = 0;
				GCC_PREPROCESSOR_DEFINITIONS = (
					"DEBUG=1",
					"$(inherited)",
				);
				GCC_WARN_64_TO_32_BIT_CONVERSION = YES;
				GCC_WARN_ABOUT_RETURN_TYPE = YES_ERROR;
				GCC_WARN_UNDECLARED_SELECTOR = YES;
				GCC_WARN_UNINITIALIZED_AUTOS = YES_AGGRESSIVE;
				GCC_WARN_UNUSED_FUNCTION = YES;
				GCC_WARN_UNUSED_VARIABLE = YES;
				IPHONEOS_DEPLOYMENT_TARGET = 10.3;
				MTL_ENABLE_DEBUG_INFO = YES;
				ONLY_ACTIVE_ARCH = YES;
				SDKROOT = iphoneos;
				SWIFT_ACTIVE_COMPILATION_CONDITIONS = DEBUG;
				SWIFT_OPTIMIZATION_LEVEL = "-Onone";
				TARGETED_DEVICE_FAMILY = "1,2";
			};
			name = Debug;
		};
		383B14271EC1C2C30044F940 /* Release */ = {
			isa = XCBuildConfiguration;
			buildSettings = {
				ALWAYS_SEARCH_USER_PATHS = NO;
				CLANG_ANALYZER_NONNULL = YES;
				CLANG_ANALYZER_NUMBER_OBJECT_CONVERSION = YES_AGGRESSIVE;
				CLANG_CXX_LANGUAGE_STANDARD = "gnu++0x";
				CLANG_CXX_LIBRARY = "libc++";
				CLANG_ENABLE_MODULES = YES;
				CLANG_ENABLE_OBJC_ARC = YES;
				CLANG_WARN_BOOL_CONVERSION = YES;
				CLANG_WARN_CONSTANT_CONVERSION = YES;
				CLANG_WARN_DIRECT_OBJC_ISA_USAGE = YES_ERROR;
				CLANG_WARN_DOCUMENTATION_COMMENTS = YES;
				CLANG_WARN_EMPTY_BODY = YES;
				CLANG_WARN_ENUM_CONVERSION = YES;
				CLANG_WARN_INFINITE_RECURSION = YES;
				CLANG_WARN_INT_CONVERSION = YES;
				CLANG_WARN_OBJC_ROOT_CLASS = YES_ERROR;
				CLANG_WARN_SUSPICIOUS_MOVE = YES;
				CLANG_WARN_UNREACHABLE_CODE = YES;
				CLANG_WARN__DUPLICATE_METHOD_MATCH = YES;
				"CODE_SIGN_IDENTITY[sdk=iphoneos*]" = "iPhone Developer";
				COPY_PHASE_STRIP = NO;
				DEBUG_INFORMATION_FORMAT = "dwarf-with-dsym";
				ENABLE_NS_ASSERTIONS = NO;
				ENABLE_STRICT_OBJC_MSGSEND = YES;
				GCC_C_LANGUAGE_STANDARD = gnu99;
				GCC_NO_COMMON_BLOCKS = YES;
				GCC_WARN_64_TO_32_BIT_CONVERSION = YES;
				GCC_WARN_ABOUT_RETURN_TYPE = YES_ERROR;
				GCC_WARN_UNDECLARED_SELECTOR = YES;
				GCC_WARN_UNINITIALIZED_AUTOS = YES_AGGRESSIVE;
				GCC_WARN_UNUSED_FUNCTION = YES;
				GCC_WARN_UNUSED_VARIABLE = YES;
				IPHONEOS_DEPLOYMENT_TARGET = 10.3;
				MTL_ENABLE_DEBUG_INFO = NO;
				SDKROOT = iphoneos;
				SWIFT_OPTIMIZATION_LEVEL = "-Owholemodule";
				TARGETED_DEVICE_FAMILY = "1,2";
				VALIDATE_PRODUCT = YES;
			};
			name = Release;
		};
		383B14291EC1C2C30044F940 /* Debug */ = {
			isa = XCBuildConfiguration;
			buildSettings = {
				ASSETCATALOG_COMPILER_APPICON_NAME = AppIcon;
				DEVELOPMENT_TEAM = GPW4376XQR;
				INFOPLIST_FILE = ArchitectureSample/Resources/Info.plist;
				LD_RUNPATH_SEARCH_PATHS = "$(inherited) @executable_path/Frameworks";
				PRODUCT_BUNDLE_IDENTIFIER = jp.satoshi.ArchitectureSample;
				PRODUCT_NAME = "$(TARGET_NAME)";
				SWIFT_VERSION = 3.0;
			};
			name = Debug;
		};
		383B142A1EC1C2C30044F940 /* Release */ = {
			isa = XCBuildConfiguration;
			buildSettings = {
				ASSETCATALOG_COMPILER_APPICON_NAME = AppIcon;
				DEVELOPMENT_TEAM = GPW4376XQR;
				INFOPLIST_FILE = ArchitectureSample/Resources/Info.plist;
				LD_RUNPATH_SEARCH_PATHS = "$(inherited) @executable_path/Frameworks";
				PRODUCT_BUNDLE_IDENTIFIER = jp.satoshi.ArchitectureSample;
				PRODUCT_NAME = "$(TARGET_NAME)";
				SWIFT_VERSION = 3.0;
			};
			name = Release;
		};
/* End XCBuildConfiguration section */

/* Begin XCConfigurationList section */
		383B13FB1EC1C2C20044F940 /* Build configuration list for PBXProject "ArchitectureSample" */ = {
			isa = XCConfigurationList;
			buildConfigurations = (
				383B14261EC1C2C30044F940 /* Debug */,
				383B14271EC1C2C30044F940 /* Release */,
			);
			defaultConfigurationIsVisible = 0;
			defaultConfigurationName = Release;
		};
		383B14281EC1C2C30044F940 /* Build configuration list for PBXNativeTarget "ArchitectureSample" */ = {
			isa = XCConfigurationList;
			buildConfigurations = (
				383B14291EC1C2C30044F940 /* Debug */,
				383B142A1EC1C2C30044F940 /* Release */,
			);
			defaultConfigurationIsVisible = 0;
			defaultConfigurationName = Release;
		};
/* End XCConfigurationList section */
	};
	rootObject = 383B13F81EC1C2C20044F940 /* Project object */;
}
